Microsoft Visual Studio Solution File, Format Version 12.00
# Visual Studio Version 17
VisualStudioVersion = 17.5.2.0
MinimumVisualStudioVersion = 10.0.40219.1
Project("{FAE04EC0-301F-11D3-BF4B-00C04F79EFBC}") = "IJPSystem.Drivers.IO", "IJPSystem.Drivers.IO\IJPSystem.Drivers.IO.csproj", "{DAC7037F-0670-4317-901B-90597EA683C3}"
EndProject
Project("{FAE04EC0-301F-11D3-BF4B-00C04F79EFBC}") = "IJPSystem.Drivers.Motion", "IJPSystem.Drivers.Motion\IJPSystem.Drivers.Motion.csproj", "{C64AD7B0-F69F-B66D-3F60-5D5958DF256E}"
EndProject
Project("{FAE04EC0-301F-11D3-BF4B-00C04F79EFBC}") = "IJPSystem.Drivers.Vision", "IJPSystem.Drivers.Vision\IJPSystem.Drivers.Vision.csproj", "{BD3A302B-0F95-3460-9DBF-0B67B61A0D70}"
EndProject
Project("{FAE04EC0-301F-11D3-BF4B-00C04F79EFBC}") = "IJPSystem.Machines.Inkjet5G", "IJPSystem.Machines.Inkjet5G\IJPSystem.Machines.Inkjet5G.csproj", "{A1F93973-30DD-08F9-E407-4DD89A95F132}"
EndProject
Project("{FAE04EC0-301F-11D3-BF4B-00C04F79EFBC}") = "IJPSystem.Platform.Application", "IJPSystem.Platform.Application\IJPSystem.Platform.Application.csproj", "{2EAE688B-BCFA-4200-39C8-1BC9143202F8}"
EndProject
Project("{FAE04EC0-301F-11D3-BF4B-00C04F79EFBC}") = "IJPSystem.Platform.Common", "IJPSystem.Platform.Common\IJPSystem.Platform.Common.csproj", "{3265B383-BF22-66B6-2A38-829A44C98594}"
EndProject
Project("{FAE04EC0-301F-11D3-BF4B-00C04F79EFBC}") = "IJPSystem.Platform.Domain", "IJPSystem.Platform.Domain\IJPSystem.Platform.Domain.csproj", "{7254ED9D-D144-EF65-1192-B4617F5988E4}"
EndProject
Project("{FAE04EC0-301F-11D3-BF4B-00C04F79EFBC}") = "IJPSystem.Platform.HMI", "IJPSystem.Platform.HMI\IJPSystem.Platform.HMI.csproj", "{F2F6195B-85F1-8221-E43A-074F6696EBED}"
EndProject
Project("{FAE04EC0-301F-11D3-BF4B-00C04F79EFBC}") = "IJPSystem.Platform.Infrastructure", "IJPSystem.Platform.Infrastructure\IJPSystem.Platform.Infrastructure.csproj", "{CA89E170-3B32-0128-5D2F-CC8388240936}"
EndProject
Global
	GlobalSection(SolutionConfigurationPlatforms) = preSolution
		Debug|Any CPU = Debug|Any CPU
		Release|Any CPU = Release|Any CPU
	EndGlobalSection
	GlobalSection(ProjectConfigurationPlatforms) = postSolution
		{DAC7037F-0670-4317-901B-90597EA683C3}.Debug|Any CPU.ActiveCfg = Debug|Any CPU
		{DAC7037F-0670-4317-901B-90597EA683C3}.Debug|Any CPU.Build.0 = Debug|Any CPU
		{DAC7037F-0670-4317-901B-90597EA683C3}.Release|Any CPU.ActiveCfg = Release|Any CPU
		{DAC7037F-0670-4317-901B-90597EA683C3}.Release|Any CPU.Build.0 = Release|Any CPU
		{C64AD7B0-F69F-B66D-3F60-5D5958DF256E}.Debug|Any CPU.ActiveCfg = Debug|Any CPU
		{C64AD7B0-F69F-B66D-3F60-5D5958DF256E}.Debug|Any CPU.Build.0 = Debug|Any CPU
		{C64AD7B0-F69F-B66D-3F60-5D5958DF256E}.Release|Any CPU.ActiveCfg = Release|Any CPU
		{C64AD7B0-F69F-B66D-3F60-5D5958DF256E}.Release|Any CPU.Build.0 = Release|Any CPU
		{BD3A302B-0F95-3460-9DBF-0B67B61A0D70}.Debug|Any CPU.ActiveCfg = Debug|Any CPU
		{BD3A302B-0F95-3460-9DBF-0B67B61A0D70}.Debug|Any CPU.Build.0 = Debug|Any CPU
		{BD3A302B-0F95-3460-9DBF-0B67B61A0D70}.Release|Any CPU.ActiveCfg = Release|Any CPU
		{BD3A302B-0F95-3460-9DBF-0B67B61A0D70}.Release|Any CPU.Build.0 = Release|Any CPU
		{A1F93973-30DD-08F9-E407-4DD89A95F132}.Debug|Any CPU.ActiveCfg = Debug|Any CPU
		{A1F93973-30DD-08F9-E407-4DD89A95F132}.Debug|Any CPU.Build.0 = Debug|Any CPU
		{A1F93973-30DD-08F9-E407-4DD89A95F132}.Release|Any CPU.ActiveCfg = Release|Any CPU
		{A1F93973-30DD-08F9-E407-4DD89A95F132}.Release|Any CPU.Build.0 = Release|Any CPU
		{2EAE688B-BCFA-4200-39C8-1BC9143202F8}.Debug|Any CPU.ActiveCfg = Debug|Any CPU
		{2EAE688B-BCFA-4200-39C8-1BC9143202F8}.Debug|Any CPU.Build.0 = Debug|Any CPU
		{2EAE688B-BCFA-4200-39C8-1BC9143202F8}.Release|Any CPU.ActiveCfg = Release|Any CPU
		{2EAE688B-BCFA-4200-39C8-1BC9143202F8}.Release|Any CPU.Build.0 = Release|Any CPU
		{3265B383-BF22-66B6-2A38-829A44C98594}.Debug|Any CPU.ActiveCfg = Debug|Any CPU
		{3265B383-BF22-66B6-2A38-829A44C98594}.Debug|Any CPU.Build.0 = Debug|Any CPU
		{3265B383-BF22-66B6-2A38-829A44C98594}.Release|Any CPU.ActiveCfg = Release|Any CPU
		{3265B383-BF22-66B6-2A38-829A44C98594}.Release|Any CPU.Build.0 = Release|Any CPU
		{7254ED9D-D144-EF65-1192-B4617F5988E4}.Debug|Any CPU.ActiveCfg = Debug|Any CPU
		{7254ED9D-D144-EF65-1192-B4617F5988E4}.Debug|Any CPU.Build.0 = Debug|Any CPU
		{7254ED9D-D144-EF65-1192-B4617F5988E4}.Release|Any CPU.ActiveCfg = Release|Any CPU
		{7254ED9D-D144-EF65-1192-B4617F5988E4}.Release|Any CPU.Build.0 = Release|Any CPU
		{F2F6195B-85F1-8221-E43A-074F6696EBED}.Debug|Any CPU.ActiveCfg = Debug|Any CPU
		{F2F6195B-85F1-8221-E43A-074F6696EBED}.Debug|Any CPU.Build.0 = Debug|Any CPU
		{F2F6195B-85F1-8221-E43A-074F6696EBED}.Release|Any CPU.ActiveCfg = Release|Any CPU
		{F2F6195B-85F1-8221-E43A-074F6696EBED}.Release|Any CPU.Build.0 = Release|Any CPU
		{CA89E170-3B32-0128-5D2F-CC8388240936}.Debug|Any CPU.ActiveCfg = Debug|Any CPU
		{CA89E170-3B32-0128-5D2F-CC8388240936}.Debug|Any CPU.Build.0 = Debug|Any CPU
		{CA89E170-3B32-0128-5D2F-CC8388240936}.Release|Any CPU.ActiveCfg = Release|Any CPU
		{CA89E170-3B32-0128-5D2F-CC8388240936}.Release|Any CPU.Build.0 = Release|Any CPU
	EndGlobalSection
	GlobalSection(SolutionProperties) = preSolution
		HideSolutionNode = FALSE
	EndGlobalSection
	GlobalSection(ExtensibilityGlobals) = postSolution
		SolutionGuid = {1EE30814-FDC0-4FB3-9B2D-F29AAAC633AF}
	EndGlobalSection
EndGlobal
